schema: '2.0'
stages:
  validate:
    cmd: python -m src.validation.schema
    deps:
    - path: data/raw/loan_train.csv
      hash: md5
      md5: 3bc055a1d2cca0386fa2d03864fe9b0a
      size: 38013
    - path: src/ingestion/load_data.py
      hash: md5
      md5: d98becb8e49a2b4bd7de119e807e2487
      size: 225
    - path: src/utils/config.py
      hash: md5
      md5: 5d853c571680bea6e74ba6d84aebdea3
      size: 1278
    - path: src/validation/schema.py
      hash: md5
      md5: 2495233de27c3cdbdadef00401f118fb
      size: 2612
    outs:
    - path: reports/data_validation.json
      hash: md5
      md5: 8fe2434da163efa93e494073a02923f1
      size: 56
  transform:
    cmd: python -m src.transformation.features
    deps:
    - path: data/raw/loan_train.csv
      hash: md5
      md5: 3bc055a1d2cca0386fa2d03864fe9b0a
      size: 38013
    - path: reports/data_validation.json
      hash: md5
      md5: 8fe2434da163efa93e494073a02923f1
      size: 56
    - path: src/ingestion/load_data.py
      hash: md5
      md5: d98becb8e49a2b4bd7de119e807e2487
      size: 225
    - path: src/transformation/features.py
      hash: md5
      md5: 314ceceb597ced8cb108baa9ef906549
      size: 2892
    - path: src/utils/config.py
      hash: md5
      md5: 5d853c571680bea6e74ba6d84aebdea3
      size: 1278
    - path: src/validation/schema.py
      hash: md5
      md5: 2495233de27c3cdbdadef00401f118fb
      size: 2612
    outs:
    - path: data/processed/preprocessor.joblib
      hash: md5
      md5: e10e85b7be49faa5588456538b46d449
      size: 4893
    - path: data/processed/test.csv
      hash: md5
      md5: 68c90eb023c9cb382ac943b2114e2ae4
      size: 16281
    - path: data/processed/train.csv
      hash: md5
      md5: 2a655cf2a2525a74ffcbcb88855a899d
      size: 73442
    - path: data/processed/val.csv
      hash: md5
      md5: b224d11bb2ab3794e853adec9e15676b
      size: 16097
  train:
    cmd: python -m src.training.train
    deps:
    - path: data/processed/train.csv
      hash: md5
      md5: 2a655cf2a2525a74ffcbcb88855a899d
      size: 73442
    - path: data/processed/val.csv
      hash: md5
      md5: b224d11bb2ab3794e853adec9e15676b
      size: 16097
    - path: src/training/train.py
      hash: md5
      md5: 343ebbffe14d431d0843032014f5dc22
      size: 3584
    - path: src/utils/config.py
      hash: md5
      md5: 5d853c571680bea6e74ba6d84aebdea3
      size: 1278
    outs:
    - path: data/processed/model.joblib
      hash: md5
      md5: 8765a40638f03a3a3b9668ff0d1b8e4c
      size: 1727
    - path: reports/train_metrics.json
      hash: md5
      md5: 8d000e091a1e932131ca2e90ecedee9a
      size: 623
